
Microsoft Visual Studio Solution File, Format Version 12.00
# Visual Studio 2013
VisualStudioVersion = 12.0.30723.0
MinimumVisualStudioVersion = 10.0.40219.1
Project("{FAE04EC0-301F-11D3-BF4B-00C04F79EFBC}") = "SimpleTristana", "SimpleTristana\SimpleTristana.csproj", "{48F183C1-CD39-4348-A4A1-415973431419}"
EndProject
Project("{FAE04EC0-301F-11D3-BF4B-00C04F79EFBC}") = "SimpleUrgot", "SimpleUrgot\SimpleUrgot.csproj", "{4D5E9EA8-B589-4AE1-B415-D4C0F4605CA8}"
EndProject
Global
	GlobalSection(SolutionConfigurationPlatforms) = preSolution
		Debug|Any CPU = Debug|Any CPU
		Release|Any CPU = Release|Any CPU
	EndGlobalSection
	GlobalSection(ProjectConfigurationPlatforms) = postSolution
		{48F183C1-CD39-4348-A4A1-415973431419}.Debug|Any CPU.ActiveCfg = Debug|Any CPU
		{48F183C1-CD39-4348-A4A1-415973431419}.Debug|Any CPU.Build.0 = Debug|Any CPU
		{48F183C1-CD39-4348-A4A1-415973431419}.Release|Any CPU.ActiveCfg = Release|Any CPU
		{48F183C1-CD39-4348-A4A1-415973431419}.Release|Any CPU.Build.0 = Release|Any CPU
		{4D5E9EA8-B589-4AE1-B415-D4C0F4605CA8}.Debug|Any CPU.ActiveCfg = Debug|Any CPU
		{4D5E9EA8-B589-4AE1-B415-D4C0F4605CA8}.Debug|Any CPU.Build.0 = Debug|Any CPU
		{4D5E9EA8-B589-4AE1-B415-D4C0F4605CA8}.Release|Any CPU.ActiveCfg = Release|Any CPU
		{4D5E9EA8-B589-4AE1-B415-D4C0F4605CA8}.Release|Any CPU.Build.0 = Release|Any CPU
	EndGlobalSection
	GlobalSection(SolutionProperties) = preSolution
		HideSolutionNode = FALSE
	EndGlobalSection
EndGlobal
